
Microsoft Visual Studio Solution File, Format Version 12.00
# Visual Studio Version 17
VisualStudioVersion = 17.13.35913.81
MinimumVisualStudioVersion = 10.0.40219.1
Project("{FAE04EC0-301F-11D3-BF4B-00C04F79EFBC}") = "Appro.ZTester.ConsoleApp", "Appro.ZTester.ConsoleApp\Appro.ZTester.ConsoleApp.csproj", "{2C855300-D2EE-478E-96BF-ABD8C5E65F73}"
EndProject
Project("{FAE04EC0-301F-11D3-BF4B-00C04F79EFBC}") = "Appro.ZTester.PythonExecution", "Appro.ZTester.PythonExecution\Appro.ZTester.PythonExecution.csproj", "{FC1F26F1-FBA7-4328-A9D0-5EF564AE8FA2}"
EndProject
Project("{FAE04EC0-301F-11D3-BF4B-00C04F79EFBC}") = "Appro.ZTester.QDOS.14514ButtonMicFunctionalTester.WinFormApp", "Appro.ZTester.QDOS.14514ButtonMicFunctionalTester.WinFormApp\Appro.ZTester.QDOS.14514ButtonMicFunctionalTester.WinFormApp.csproj", "{147F436B-2960-4E2C-874D-48689C781715}"
EndProject
Global
	GlobalSection(SolutionConfigurationPlatforms) = preSolution
		Debug|Any CPU = Debug|Any CPU
		Release|Any CPU = Release|Any CPU
	EndGlobalSection
	GlobalSection(ProjectConfigurationPlatforms) = postSolution
		{2C855300-D2EE-478E-96BF-ABD8C5E65F73}.Debug|Any CPU.ActiveCfg = Debug|Any CPU
		{2C855300-D2EE-478E-96BF-ABD8C5E65F73}.Debug|Any CPU.Build.0 = Debug|Any CPU
		{2C855300-D2EE-478E-96BF-ABD8C5E65F73}.Release|Any CPU.ActiveCfg = Release|Any CPU
		{2C855300-D2EE-478E-96BF-ABD8C5E65F73}.Release|Any CPU.Build.0 = Release|Any CPU
		{FC1F26F1-FBA7-4328-A9D0-5EF564AE8FA2}.Debug|Any CPU.ActiveCfg = Debug|Any CPU
		{FC1F26F1-FBA7-4328-A9D0-5EF564AE8FA2}.Debug|Any CPU.Build.0 = Debug|Any CPU
		{FC1F26F1-FBA7-4328-A9D0-5EF564AE8FA2}.Release|Any CPU.ActiveCfg = Release|Any CPU
		{FC1F26F1-FBA7-4328-A9D0-5EF564AE8FA2}.Release|Any CPU.Build.0 = Release|Any CPU
		{147F436B-2960-4E2C-874D-48689C781715}.Debug|Any CPU.ActiveCfg = Debug|Any CPU
		{147F436B-2960-4E2C-874D-48689C781715}.Debug|Any CPU.Build.0 = Debug|Any CPU
		{147F436B-2960-4E2C-874D-48689C781715}.Release|Any CPU.ActiveCfg = Release|Any CPU
		{147F436B-2960-4E2C-874D-48689C781715}.Release|Any CPU.Build.0 = Release|Any CPU
	EndGlobalSection
	GlobalSection(SolutionProperties) = preSolution
		HideSolutionNode = FALSE
	EndGlobalSection
	GlobalSection(ExtensibilityGlobals) = postSolution
		SolutionGuid = {DDE11B60-9902-471B-9277-25FD121BD090}
	EndGlobalSection
EndGlobal
